
Microsoft Visual Studio Solution File, Format Version 12.00
# Visual Studio Version 17
VisualStudioVersion = 17.5.002.0
MinimumVisualStudioVersion = 10.0.40219.1
Project("{2150E333-8FDC-42A3-9474-1A3956D46DE8}") = "prepare", "prepare", "{5C7FE199-8E83-4623-BDFB-F7C3E2B19DF1}"
EndProject
Project("{9A19103F-16F7-4668-BE54-9A1E7A4F7556}") = "Learning02", "prepare\Learning02\Learning02.csproj", "{F111211D-90FE-4082-BA03-AE8EA2E5F371}"
EndProject
Project("{9A19103F-16F7-4668-BE54-9A1E7A4F7556}") = "Learning05", "prepare\Learning05\Learning05.csproj", "{2199FA8D-0626-4223-ACD5-98BDA53B4796}"
EndProject
Project("{9A19103F-16F7-4668-BE54-9A1E7A4F7556}") = "Learning04", "prepare\Learning04\Learning04.csproj", "{99F45E59-208D-423A-A288-625F1B367258}"
EndProject
Project("{9A19103F-16F7-4668-BE54-9A1E7A4F7556}") = "Learning03", "prepare\Learning03\Learning03.csproj", "{DD2C7523-166A-4CC7-91BC-0B8A8E8D2F35}"
EndProject
Project("{2150E333-8FDC-42A3-9474-1A3956D46DE8}") = "prove", "prove", "{B73E9E9A-9BDE-40C2-8D74-D014DA1B4BD1}"
EndProject
Project("{9A19103F-16F7-4668-BE54-9A1E7A4F7556}") = "Develop03", "prove\Develop03\Develop03.csproj", "{F3CA5922-5CCA-4191-85FF-F407A9F7F3B3}"
EndProject
Project("{9A19103F-16F7-4668-BE54-9A1E7A4F7556}") = "Develop04", "prove\Develop04\Develop04.csproj", "{6FB9A6C6-4F24-4335-8445-B03E62C9536B}"
EndProject
Project("{9A19103F-16F7-4668-BE54-9A1E7A4F7556}") = "Develop05", "prove\Develop05\Develop05.csproj", "{16C3FAB4-4C6A-4B71-8DBB-8760DF07BD98}"
EndProject
Project("{9A19103F-16F7-4668-BE54-9A1E7A4F7556}") = "Develop02", "prove\Develop02\Develop02.csproj", "{169103B3-2A90-48A0-915E-17B900E27ACF}"
EndProject
Project("{2150E333-8FDC-42A3-9474-1A3956D46DE8}") = "sandbox", "sandbox", "{B799956F-DEA8-433E-B7C1-20742D4978B0}"
EndProject
Project("{9A19103F-16F7-4668-BE54-9A1E7A4F7556}") = "Sandbox", "sandbox\Sandbox\Sandbox.csproj", "{89A01599-5538-4002-9993-FC6EF3754013}"
EndProject
Project("{2150E333-8FDC-42A3-9474-1A3956D46DE8}") = "final", "final", "{6A752965-AD7A-4423-A1D6-A6188B942363}"
EndProject
Project("{9A19103F-16F7-4668-BE54-9A1E7A4F7556}") = "FinalProject", "final\FinalProject\FinalProject.csproj", "{E8D4E85E-55D4-4510-B5A0-179BF5A65567}"
EndProject
Project("{9A19103F-16F7-4668-BE54-9A1E7A4F7556}") = "Foundation1", "final\Foundation1\Foundation1.csproj", "{404C0593-6EE5-4B9E-A010-A65514DA74B4}"
EndProject
Project("{9A19103F-16F7-4668-BE54-9A1E7A4F7556}") = "Foundation4", "final\Foundation4\Foundation4.csproj", "{4511946D-2923-4BCB-9F51-76FB25C5F049}"
EndProject
Project("{9A19103F-16F7-4668-BE54-9A1E7A4F7556}") = "Foundation3", "final\Foundation3\Foundation3.csproj", "{B31760D8-5351-4689-8953-4443628438D0}"
EndProject
Project("{9A19103F-16F7-4668-BE54-9A1E7A4F7556}") = "Foundation2", "final\Foundation2\Foundation2.csproj", "{F1938A1E-600E-4604-BE26-90CE37EA71D0}"
EndProject
Project("{2150E333-8FDC-42A3-9474-1A3956D46DE8}") = "csharp-prep", "csharp-prep", "{4B75E86C-1CBF-4894-8B30-8FE4A856B51D}"
EndProject
Project("{9A19103F-16F7-4668-BE54-9A1E7A4F7556}") = "Prep1", "csharp-prep\Prep1\Prep1.csproj", "{E72A1D11-CFB7-45D4-A2E9-A8EBAB094773}"
EndProject
Project("{9A19103F-16F7-4668-BE54-9A1E7A4F7556}") = "Prep5", "csharp-prep\Prep5\Prep5.csproj", "{11BA0188-11C1-408B-88E4-DBC2255AB624}"
EndProject
Project("{9A19103F-16F7-4668-BE54-9A1E7A4F7556}") = "Prep2", "csharp-prep\Prep2\Prep2.csproj", "{66710784-B218-4B82-8786-FA0AD08D84FE}"
EndProject
Project("{9A19103F-16F7-4668-BE54-9A1E7A4F7556}") = "Prep3", "csharp-prep\Prep3\Prep3.csproj", "{76B1932F-E756-4D19-8377-8FB56172F423}"
EndProject
Project("{9A19103F-16F7-4668-BE54-9A1E7A4F7556}") = "Prep4", "csharp-prep\Prep4\Prep4.csproj", "{2D5A3B06-0D8A-4A1F-9EF4-3E7F47CC1FEF}"
EndProject
Global
	GlobalSection(SolutionConfigurationPlatforms) = preSolution
		Debug|Any CPU = Debug|Any CPU
		Release|Any CPU = Release|Any CPU
	EndGlobalSection
	GlobalSection(ProjectConfigurationPlatforms) = postSolution
		{F111211D-90FE-4082-BA03-AE8EA2E5F371}.Debug|Any CPU.ActiveCfg = Debug|Any CPU
		{F111211D-90FE-4082-BA03-AE8EA2E5F371}.Debug|Any CPU.Build.0 = Debug|Any CPU
		{F111211D-90FE-4082-BA03-AE8EA2E5F371}.Release|Any CPU.ActiveCfg = Release|Any CPU
		{F111211D-90FE-4082-BA03-AE8EA2E5F371}.Release|Any CPU.Build.0 = Release|Any CPU
		{2199FA8D-0626-4223-ACD5-98BDA53B4796}.Debug|Any CPU.ActiveCfg = Debug|Any CPU
		{2199FA8D-0626-4223-ACD5-98BDA53B4796}.Debug|Any CPU.Build.0 = Debug|Any CPU
		{2199FA8D-0626-4223-ACD5-98BDA53B4796}.Release|Any CPU.ActiveCfg = Release|Any CPU
		{2199FA8D-0626-4223-ACD5-98BDA53B4796}.Release|Any CPU.Build.0 = Release|Any CPU
		{99F45E59-208D-423A-A288-625F1B367258}.Debug|Any CPU.ActiveCfg = Debug|Any CPU
		{99F45E59-208D-423A-A288-625F1B367258}.Debug|Any CPU.Build.0 = Debug|Any CPU
		{99F45E59-208D-423A-A288-625F1B367258}.Release|Any CPU.ActiveCfg = Release|Any CPU
		{99F45E59-208D-423A-A288-625F1B367258}.Release|Any CPU.Build.0 = Release|Any CPU
		{DD2C7523-166A-4CC7-91BC-0B8A8E8D2F35}.Debug|Any CPU.ActiveCfg = Debug|Any CPU
		{DD2C7523-166A-4CC7-91BC-0B8A8E8D2F35}.Debug|Any CPU.Build.0 = Debug|Any CPU
		{DD2C7523-166A-4CC7-91BC-0B8A8E8D2F35}.Release|Any CPU.ActiveCfg = Release|Any CPU
		{DD2C7523-166A-4CC7-91BC-0B8A8E8D2F35}.Release|Any CPU.Build.0 = Release|Any CPU
		{F3CA5922-5CCA-4191-85FF-F407A9F7F3B3}.Debug|Any CPU.ActiveCfg = Debug|Any CPU
		{F3CA5922-5CCA-4191-85FF-F407A9F7F3B3}.Debug|Any CPU.Build.0 = Debug|Any CPU
		{F3CA5922-5CCA-4191-85FF-F407A9F7F3B3}.Release|Any CPU.ActiveCfg = Release|Any CPU
		{F3CA5922-5CCA-4191-85FF-F407A9F7F3B3}.Release|Any CPU.Build.0 = Release|Any CPU
		{6FB9A6C6-4F24-4335-8445-B03E62C9536B}.Debug|Any CPU.ActiveCfg = Debug|Any CPU
		{6FB9A6C6-4F24-4335-8445-B03E62C9536B}.Debug|Any CPU.Build.0 = Debug|Any CPU
		{6FB9A6C6-4F24-4335-8445-B03E62C9536B}.Release|Any CPU.ActiveCfg = Release|Any CPU
		{6FB9A6C6-4F24-4335-8445-B03E62C9536B}.Release|Any CPU.Build.0 = Release|Any CPU
		{16C3FAB4-4C6A-4B71-8DBB-8760DF07BD98}.Debug|Any CPU.ActiveCfg = Debug|Any CPU
		{16C3FAB4-4C6A-4B71-8DBB-8760DF07BD98}.Debug|Any CPU.Build.0 = Debug|Any CPU
		{16C3FAB4-4C6A-4B71-8DBB-8760DF07BD98}.Release|Any CPU.ActiveCfg = Release|Any CPU
		{16C3FAB4-4C6A-4B71-8DBB-8760DF07BD98}.Release|Any CPU.Build.0 = Release|Any CPU
		{169103B3-2A90-48A0-915E-17B900E27ACF}.Debug|Any CPU.ActiveCfg = Debug|Any CPU
		{169103B3-2A90-48A0-915E-17B900E27ACF}.Debug|Any CPU.Build.0 = Debug|Any CPU
		{169103B3-2A90-48A0-915E-17B900E27ACF}.Release|Any CPU.ActiveCfg = Release|Any CPU
		{169103B3-2A90-48A0-915E-17B900E27ACF}.Release|Any CPU.Build.0 = Release|Any CPU
		{89A01599-5538-4002-9993-FC6EF3754013}.Debug|Any CPU.ActiveCfg = Debug|Any CPU
		{89A01599-5538-4002-9993-FC6EF3754013}.Debug|Any CPU.Build.0 = Debug|Any CPU
		{89A01599-5538-4002-9993-FC6EF3754013}.Release|Any CPU.ActiveCfg = Release|Any CPU
		{89A01599-5538-4002-9993-FC6EF3754013}.Release|Any CPU.Build.0 = Release|Any CPU
		{E8D4E85E-55D4-4510-B5A0-179BF5A65567}.Debug|Any CPU.ActiveCfg = Debug|Any CPU
		{E8D4E85E-55D4-4510-B5A0-179BF5A65567}.Debug|Any CPU.Build.0 = Debug|Any CPU
		{E8D4E85E-55D4-4510-B5A0-179BF5A65567}.Release|Any CPU.ActiveCfg = Release|Any CPU
		{E8D4E85E-55D4-4510-B5A0-179BF5A65567}.Release|Any CPU.Build.0 = Release|Any CPU
		{404C0593-6EE5-4B9E-A010-A65514DA74B4}.Debug|Any CPU.ActiveCfg = Debug|Any CPU
		{404C0593-6EE5-4B9E-A010-A65514DA74B4}.Debug|Any CPU.Build.0 = Debug|Any CPU
		{404C0593-6EE5-4B9E-A010-A65514DA74B4}.Release|Any CPU.ActiveCfg = Release|Any CPU
		{404C0593-6EE5-4B9E-A010-A65514DA74B4}.Release|Any CPU.Build.0 = Release|Any CPU
		{4511946D-2923-4BCB-9F51-76FB25C5F049}.Debug|Any CPU.ActiveCfg = Debug|Any CPU
		{4511946D-2923-4BCB-9F51-76FB25C5F049}.Debug|Any CPU.Build.0 = Debug|Any CPU
		{4511946D-2923-4BCB-9F51-76FB25C5F049}.Release|Any CPU.ActiveCfg = Release|Any CPU
		{4511946D-2923-4BCB-9F51-76FB25C5F049}.Release|Any CPU.Build.0 = Release|Any CPU
		{B31760D8-5351-4689-8953-4443628438D0}.Debug|Any CPU.ActiveCfg = Debug|Any CPU
		{B31760D8-5351-4689-8953-4443628438D0}.Debug|Any CPU.Build.0 = Debug|Any CPU
		{B31760D8-5351-4689-8953-4443628438D0}.Release|Any CPU.ActiveCfg = Release|Any CPU
		{B31760D8-5351-4689-8953-4443628438D0}.Release|Any CPU.Build.0 = Release|Any CPU
		{F1938A1E-600E-4604-BE26-90CE37EA71D0}.Debug|Any CPU.ActiveCfg = Debug|Any CPU
		{F1938A1E-600E-4604-BE26-90CE37EA71D0}.Debug|Any CPU.Build.0 = Debug|Any CPU
		{F1938A1E-600E-4604-BE26-90CE37EA71D0}.Release|Any CPU.ActiveCfg = Release|Any CPU
		{F1938A1E-600E-4604-BE26-90CE37EA71D0}.Release|Any CPU.Build.0 = Release|Any CPU
		{E72A1D11-CFB7-45D4-A2E9-A8EBAB094773}.Debug|Any CPU.ActiveCfg = Debug|Any CPU
		{E72A1D11-CFB7-45D4-A2E9-A8EBAB094773}.Debug|Any CPU.Build.0 = Debug|Any CPU
		{E72A1D11-CFB7-45D4-A2E9-A8EBAB094773}.Release|Any CPU.ActiveCfg = Release|Any CPU
		{E72A1D11-CFB7-45D4-A2E9-A8EBAB094773}.Release|Any CPU.Build.0 = Release|Any CPU
		{11BA0188-11C1-408B-88E4-DBC2255AB624}.Debug|Any CPU.ActiveCfg = Debug|Any CPU
		{11BA0188-11C1-408B-88E4-DBC2255AB624}.Debug|Any CPU.Build.0 = Debug|Any CPU
		{11BA0188-11C1-408B-88E4-DBC2255AB624}.Release|Any CPU.ActiveCfg = Release|Any CPU
		{11BA0188-11C1-408B-88E4-DBC2255AB624}.Release|Any CPU.Build.0 = Release|Any CPU
		{66710784-B218-4B82-8786-FA0AD08D84FE}.Debug|Any CPU.ActiveCfg = Debug|Any CPU
		{66710784-B218-4B82-8786-FA0AD08D84FE}.Debug|Any CPU.Build.0 = Debug|Any CPU
		{66710784-B218-4B82-8786-FA0AD08D84FE}.Release|Any CPU.ActiveCfg = Release|Any CPU
		{66710784-B218-4B82-8786-FA0AD08D84FE}.Release|Any CPU.Build.0 = Release|Any CPU
		{76B1932F-E756-4D19-8377-8FB56172F423}.Debug|Any CPU.ActiveCfg = Debug|Any CPU
		{76B1932F-E756-4D19-8377-8FB56172F423}.Debug|Any CPU.Build.0 = Debug|Any CPU
		{76B1932F-E756-4D19-8377-8FB56172F423}.Release|Any CPU.ActiveCfg = Release|Any CPU
		{76B1932F-E756-4D19-8377-8FB56172F423}.Release|Any CPU.Build.0 = Release|Any CPU
		{2D5A3B06-0D8A-4A1F-9EF4-3E7F47CC1FEF}.Debug|Any CPU.ActiveCfg = Debug|Any CPU
		{2D5A3B06-0D8A-4A1F-9EF4-3E7F47CC1FEF}.Debug|Any CPU.Build.0 = Debug|Any CPU
		{2D5A3B06-0D8A-4A1F-9EF4-3E7F47CC1FEF}.Release|Any CPU.ActiveCfg = Release|Any CPU
		{2D5A3B06-0D8A-4A1F-9EF4-3E7F47CC1FEF}.Release|Any CPU.Build.0 = Release|Any CPU
	EndGlobalSection
	GlobalSection(SolutionProperties) = preSolution
		HideSolutionNode = FALSE
	EndGlobalSection
	GlobalSection(NestedProjects) = preSolution
		{F111211D-90FE-4082-BA03-AE8EA2E5F371} = {5C7FE199-8E83-4623-BDFB-F7C3E2B19DF1}
		{2199FA8D-0626-4223-ACD5-98BDA53B4796} = {5C7FE199-8E83-4623-BDFB-F7C3E2B19DF1}
		{99F45E59-208D-423A-A288-625F1B367258} = {5C7FE199-8E83-4623-BDFB-F7C3E2B19DF1}
		{DD2C7523-166A-4CC7-91BC-0B8A8E8D2F35} = {5C7FE199-8E83-4623-BDFB-F7C3E2B19DF1}
		{F3CA5922-5CCA-4191-85FF-F407A9F7F3B3} = {B73E9E9A-9BDE-40C2-8D74-D014DA1B4BD1}
		{6FB9A6C6-4F24-4335-8445-B03E62C9536B} = {B73E9E9A-9BDE-40C2-8D74-D014DA1B4BD1}
		{16C3FAB4-4C6A-4B71-8DBB-8760DF07BD98} = {B73E9E9A-9BDE-40C2-8D74-D014DA1B4BD1}
		{169103B3-2A90-48A0-915E-17B900E27ACF} = {B73E9E9A-9BDE-40C2-8D74-D014DA1B4BD1}
		{89A01599-5538-4002-9993-FC6EF3754013} = {B799956F-DEA8-433E-B7C1-20742D4978B0}
		{E8D4E85E-55D4-4510-B5A0-179BF5A65567} = {6A752965-AD7A-4423-A1D6-A6188B942363}
		{404C0593-6EE5-4B9E-A010-A65514DA74B4} = {6A752965-AD7A-4423-A1D6-A6188B942363}
		{4511946D-2923-4BCB-9F51-76FB25C5F049} = {6A752965-AD7A-4423-A1D6-A6188B942363}
		{B31760D8-5351-4689-8953-4443628438D0} = {6A752965-AD7A-4423-A1D6-A6188B942363}
		{F1938A1E-600E-4604-BE26-90CE37EA71D0} = {6A752965-AD7A-4423-A1D6-A6188B942363}
		{E72A1D11-CFB7-45D4-A2E9-A8EBAB094773} = {4B75E86C-1CBF-4894-8B30-8FE4A856B51D}
		{11BA0188-11C1-408B-88E4-DBC2255AB624} = {4B75E86C-1CBF-4894-8B30-8FE4A856B51D}
		{66710784-B218-4B82-8786-FA0AD08D84FE} = {4B75E86C-1CBF-4894-8B30-8FE4A856B51D}
		{76B1932F-E756-4D19-8377-8FB56172F423} = {4B75E86C-1CBF-4894-8B30-8FE4A856B51D}
		{2D5A3B06-0D8A-4A1F-9EF4-3E7F47CC1FEF} = {4B75E86C-1CBF-4894-8B30-8FE4A856B51D}
	EndGlobalSection
	GlobalSection(ExtensibilityGlobals) = postSolution
		SolutionGuid = {38ED8F3E-3F06-4290-BDA6-2FF3169D91A2}
	EndGlobalSection
EndGlobal
